// !$*UTF8*$!
{
	archiveVersion = 1;
	classes = {
	};
	objectVersion = 55;
	objects = {

/* Begin PBXBuildFile section */
		5315C88927FA89EE002B4492 /* AppDelegate.swift in Sources */ = {isa = PBXBuildFile; fileRef = 5315C88827FA89EE002B4492 /* AppDelegate.swift */; };
		5315C88B27FA89EE002B4492 /* SceneDelegate.swift in Sources */ = {isa = PBXBuildFile; fileRef = 5315C88A27FA89EE002B4492 /* SceneDelegate.swift */; };
		5315C89027FA89EE002B4492 /* Main.storyboard in Resources */ = {isa = PBXBuildFile; fileRef = 5315C88E27FA89EE002B4492 /* Main.storyboard */; };
		5315C89227FA89F0002B4492 /* Assets.xcassets in Resources */ = {isa = PBXBuildFile; fileRef = 5315C89127FA89F0002B4492 /* Assets.xcassets */; };
		5315C89527FA89F0002B4492 /* LaunchScreen.storyboard in Resources */ = {isa = PBXBuildFile; fileRef = 5315C89327FA89F0002B4492 /* LaunchScreen.storyboard */; };
		5315C8A027FA89F0002B4492 /* electrolux_flickrTests.swift in Sources */ = {isa = PBXBuildFile; fileRef = 5315C89F27FA89F0002B4492 /* electrolux_flickrTests.swift */; };
		5315C8AA27FA89F0002B4492 /* electrolux_flickrUITests.swift in Sources */ = {isa = PBXBuildFile; fileRef = 5315C8A927FA89F0002B4492 /* electrolux_flickrUITests.swift */; };
		5315C8AC27FA89F0002B4492 /* electrolux_flickrUITestsLaunchTests.swift in Sources */ = {isa = PBXBuildFile; fileRef = 5315C8AB27FA89F0002B4492 /* electrolux_flickrUITestsLaunchTests.swift */; };
		535539CD27FA93FE00AE54AC /* EFBaseViewController.swift in Sources */ = {isa = PBXBuildFile; fileRef = 535539CC27FA93FE00AE54AC /* EFBaseViewController.swift */; };
		535539CF27FA94B800AE54AC /* EFImageListViewController.swift in Sources */ = {isa = PBXBuildFile; fileRef = 535539CE27FA94B800AE54AC /* EFImageListViewController.swift */; };
		535539D227FA954500AE54AC /* EFImageListViewModel.swift in Sources */ = {isa = PBXBuildFile; fileRef = 535539D127FA954500AE54AC /* EFImageListViewModel.swift */; };
		535539D427FA95B700AE54AC /* EFImageListDataSource.swift in Sources */ = {isa = PBXBuildFile; fileRef = 535539D327FA95B700AE54AC /* EFImageListDataSource.swift */; };
		535539D727FA961C00AE54AC /* EFImageCVC.swift in Sources */ = {isa = PBXBuildFile; fileRef = 535539D627FA961C00AE54AC /* EFImageCVC.swift */; };
		535539DA27FA9D5D00AE54AC /* EFImagePreviewViewController.swift in Sources */ = {isa = PBXBuildFile; fileRef = 535539D927FA9D5D00AE54AC /* EFImagePreviewViewController.swift */; };
		535539DC27FA9DBD00AE54AC /* EFImagePreviewCVC.swift in Sources */ = {isa = PBXBuildFile; fileRef = 535539DB27FA9DBD00AE54AC /* EFImagePreviewCVC.swift */; };
		53EFA51B27FA8B170049206C /* EFApiClient.swift in Sources */ = {isa = PBXBuildFile; fileRef = 53EFA51A27FA8B170049206C /* EFApiClient.swift */; };
		53EFA51D27FA8B310049206C /* EFApiRouter.swift in Sources */ = {isa = PBXBuildFile; fileRef = 53EFA51C27FA8B310049206C /* EFApiRouter.swift */; };
		53EFA51F27FA8B5A0049206C /* EFColor.swift in Sources */ = {isa = PBXBuildFile; fileRef = 53EFA51E27FA8B5A0049206C /* EFColor.swift */; };
		53EFA52127FA8B700049206C /* EFConstant.swift in Sources */ = {isa = PBXBuildFile; fileRef = 53EFA52027FA8B700049206C /* EFConstant.swift */; };
		53EFA52327FA8B7E0049206C /* EFUtil.swift in Sources */ = {isa = PBXBuildFile; fileRef = 53EFA52227FA8B7E0049206C /* EFUtil.swift */; };
		53EFA52627FA8BAA0049206C /* EFFuture.swift in Sources */ = {isa = PBXBuildFile; fileRef = 53EFA52527FA8BAA0049206C /* EFFuture.swift */; };
		53EFA52827FA8BB40049206C /* EFResult.swift in Sources */ = {isa = PBXBuildFile; fileRef = 53EFA52727FA8BB40049206C /* EFResult.swift */; };
		53EFA52B27FA8DF20049206C /* EFApiError.swift in Sources */ = {isa = PBXBuildFile; fileRef = 53EFA52A27FA8DF20049206C /* EFApiError.swift */; };
		53EFA52F27FA8E0E0049206C /* EFPhotos.swift in Sources */ = {isa = PBXBuildFile; fileRef = 53EFA52C27FA8E0E0049206C /* EFPhotos.swift */; };
		53EFA53127FA8E0E0049206C /* EFPhoto.swift in Sources */ = {isa = PBXBuildFile; fileRef = 53EFA52E27FA8E0E0049206C /* EFPhoto.swift */; };
		53EFA53827FA908E0049206C /* EFSearchResponse.swift in Sources */ = {isa = PBXBuildFile; fileRef = 53EFA53727FA908E0049206C /* EFSearchResponse.swift */; };
		87837F33F2A793F2E19CDE54 /* Pods_electrolux_flickr_electrolux_flickrUITests.framework in Frameworks */ = {isa = PBXBuildFile; fileRef = C5A68519080C19BB4365EEE9 /* Pods_electrolux_flickr_electrolux_flickrUITests.framework */; };
		E09A1715B8D16D9E45C89A38 /* Pods_electrolux_flickr.framework in Frameworks */ = {isa = PBXBuildFile; fileRef = AB779DD2F0FBE02A744EE973 /* Pods_electrolux_flickr.framework */; };
		E502F387037A0438D1B41A71 /* Pods_electrolux_flickrTests.framework in Frameworks */ = {isa = PBXBuildFile; fileRef = C68F86D16BC10A6E202749AB /* Pods_electrolux_flickrTests.framework */; };
/* End PBXBuildFile section */

/* Begin PBXContainerItemProxy section */
		5315C89C27FA89F0002B4492 /* PBXContainerItemProxy */ = {
			isa = PBXContainerItemProxy;
			containerPortal = 5315C87D27FA89EE002B4492 /* Project object */;
			proxyType = 1;
			remoteGlobalIDString = 5315C88427FA89EE002B4492;
			remoteInfo = "electrolux flickr";
		};
		5315C8A627FA89F0002B4492 /* PBXContainerItemProxy */ = {
			isa = PBXContainerItemProxy;
			containerPortal = 5315C87D27FA89EE002B4492 /* Project object */;
			proxyType = 1;
			remoteGlobalIDString = 5315C88427FA89EE002B4492;
			remoteInfo = "electrolux flickr";
		};
/* End PBXContainerItemProxy section */

/* Begin PBXFileReference section */
		206FB2FAC6880AD9328B97D5 /* Pods-electrolux flickr.release.xcconfig */ = {isa = PBXFileReference; includeInIndex = 1; lastKnownFileType = text.xcconfig; name = "Pods-electrolux flickr.release.xcconfig"; path = "Target Support Files/Pods-electrolux flickr/Pods-electrolux flickr.release.xcconfig"; sourceTree = "<group>"; };
		4A9E967F91C944238E469AB2 /* Pods-electrolux flickr.debug.xcconfig */ = {isa = PBXFileReference; includeInIndex = 1; lastKnownFileType = text.xcconfig; name = "Pods-electrolux flickr.debug.xcconfig"; path = "Target Support Files/Pods-electrolux flickr/Pods-electrolux flickr.debug.xcconfig"; sourceTree = "<group>"; };
		5315C88527FA89EE002B4492 /* electrolux flickr.app */ = {isa = PBXFileReference; explicitFileType = wrapper.application; includeInIndex = 0; path = "electrolux flickr.app"; sourceTree = BUILT_PRODUCTS_DIR; };
		5315C88827FA89EE002B4492 /* AppDelegate.swift */ = {isa = PBXFileReference; lastKnownFileType = sourcecode.swift; path = AppDelegate.swift; sourceTree = "<group>"; };
		5315C88A27FA89EE002B4492 /* SceneDelegate.swift */ = {isa = PBXFileReference; lastKnownFileType = sourcecode.swift; path = SceneDelegate.swift; sourceTree = "<group>"; };
		5315C88F27FA89EE002B4492 /* Base */ = {isa = PBXFileReference; lastKnownFileType = file.storyboard; name = Base; path = Base.lproj/Main.storyboard; sourceTree = "<group>"; };
		5315C89127FA89F0002B4492 /* Assets.xcassets */ = {isa = PBXFileReference; lastKnownFileType = folder.assetcatalog; path = Assets.xcassets; sourceTree = "<group>"; };
		5315C89427FA89F0002B4492 /* Base */ = {isa = PBXFileReference; lastKnownFileType = file.storyboard; name = Base; path = Base.lproj/LaunchScreen.storyboard; sourceTree = "<group>"; };
		5315C89627FA89F0002B4492 /* Info.plist */ = {isa = PBXFileReference; lastKnownFileType = text.plist.xml; path = Info.plist; sourceTree = "<group>"; };
		5315C89B27FA89F0002B4492 /* electrolux flickrTests.xctest */ = {isa = PBXFileReference; explicitFileType = wrapper.cfbundle; includeInIndex = 0; path = "electrolux flickrTests.xctest"; sourceTree = BUILT_PRODUCTS_DIR; };
		5315C89F27FA89F0002B4492 /* electrolux_flickrTests.swift */ = {isa = PBXFileReference; lastKnownFileType = sourcecode.swift; path = electrolux_flickrTests.swift; sourceTree = "<group>"; };
		5315C8A527FA89F0002B4492 /* electrolux flickrUITests.xctest */ = {isa = PBXFileReference; explicitFileType = wrapper.cfbundle; includeInIndex = 0; path = "electrolux flickrUITests.xctest"; sourceTree = BUILT_PRODUCTS_DIR; };
		5315C8A927FA89F0002B4492 /* electrolux_flickrUITests.swift */ = {isa = PBXFileReference; lastKnownFileType = sourcecode.swift; path = electrolux_flickrUITests.swift; sourceTree = "<group>"; };
		5315C8AB27FA89F0002B4492 /* electrolux_flickrUITestsLaunchTests.swift */ = {isa = PBXFileReference; lastKnownFileType = sourcecode.swift; path = electrolux_flickrUITestsLaunchTests.swift; sourceTree = "<group>"; };
		535539CC27FA93FE00AE54AC /* EFBaseViewController.swift */ = {isa = PBXFileReference; lastKnownFileType = sourcecode.swift; path = EFBaseViewController.swift; sourceTree = "<group>"; };
		535539CE27FA94B800AE54AC /* EFImageListViewController.swift */ = {isa = PBXFileReference; lastKnownFileType = sourcecode.swift; path = EFImageListViewController.swift; sourceTree = "<group>"; };
		535539D127FA954500AE54AC /* EFImageListViewModel.swift */ = {isa = PBXFileReference; lastKnownFileType = sourcecode.swift; path = EFImageListViewModel.swift; sourceTree = "<group>"; };
		535539D327FA95B700AE54AC /* EFImageListDataSource.swift */ = {isa = PBXFileReference; lastKnownFileType = sourcecode.swift; path = EFImageListDataSource.swift; sourceTree = "<group>"; };
		535539D627FA961C00AE54AC /* EFImageCVC.swift */ = {isa = PBXFileReference; lastKnownFileType = sourcecode.swift; path = EFImageCVC.swift; sourceTree = "<group>"; };
		535539D927FA9D5D00AE54AC /* EFImagePreviewViewController.swift */ = {isa = PBXFileReference; lastKnownFileType = sourcecode.swift; path = EFImagePreviewViewController.swift; sourceTree = "<group>"; };
		535539DB27FA9DBD00AE54AC /* EFImagePreviewCVC.swift */ = {isa = PBXFileReference; lastKnownFileType = sourcecode.swift; path = EFImagePreviewCVC.swift; sourceTree = "<group>"; };
		53EFA51A27FA8B170049206C /* EFApiClient.swift */ = {isa = PBXFileReference; lastKnownFileType = sourcecode.swift; path = EFApiClient.swift; sourceTree = "<group>"; };
		53EFA51C27FA8B310049206C /* EFApiRouter.swift */ = {isa = PBXFileReference; lastKnownFileType = sourcecode.swift; path = EFApiRouter.swift; sourceTree = "<group>"; };
		53EFA51E27FA8B5A0049206C /* EFColor.swift */ = {isa = PBXFileReference; lastKnownFileType = sourcecode.swift; path = EFColor.swift; sourceTree = "<group>"; };
		53EFA52027FA8B700049206C /* EFConstant.swift */ = {isa = PBXFileReference; lastKnownFileType = sourcecode.swift; path = EFConstant.swift; sourceTree = "<group>"; };
		53EFA52227FA8B7E0049206C /* EFUtil.swift */ = {isa = PBXFileReference; lastKnownFileType = sourcecode.swift; path = EFUtil.swift; sourceTree = "<group>"; };
		53EFA52527FA8BAA0049206C /* EFFuture.swift */ = {isa = PBXFileReference; lastKnownFileType = sourcecode.swift; path = EFFuture.swift; sourceTree = "<group>"; };
		53EFA52727FA8BB40049206C /* EFResult.swift */ = {isa = PBXFileReference; lastKnownFileType = sourcecode.swift; path = EFResult.swift; sourceTree = "<group>"; };
		53EFA52A27FA8DF20049206C /* EFApiError.swift */ = {isa = PBXFileReference; lastKnownFileType = sourcecode.swift; path = EFApiError.swift; sourceTree = "<group>"; };
		53EFA52C27FA8E0E0049206C /* EFPhotos.swift */ = {isa = PBXFileReference; fileEncoding = 4; lastKnownFileType = sourcecode.swift; path = EFPhotos.swift; sourceTree = "<group>"; };
		53EFA52E27FA8E0E0049206C /* EFPhoto.swift */ = {isa = PBXFileReference; fileEncoding = 4; lastKnownFileType = sourcecode.swift; path = EFPhoto.swift; sourceTree = "<group>"; };
		53EFA53727FA908E0049206C /* EFSearchResponse.swift */ = {isa = PBXFileReference; lastKnownFileType = sourcecode.swift; path = EFSearchResponse.swift; sourceTree = "<group>"; };
		9B4882C8DE93C8D356B03DFD /* Pods-electrolux flickrTests.release.xcconfig */ = {isa = PBXFileReference; includeInIndex = 1; lastKnownFileType = text.xcconfig; name = "Pods-electrolux flickrTests.release.xcconfig"; path = "Target Support Files/Pods-electrolux flickrTests/Pods-electrolux flickrTests.release.xcconfig"; sourceTree = "<group>"; };
		AB779DD2F0FBE02A744EE973 /* Pods_electrolux_flickr.framework */ = {isa = PBXFileReference; explicitFileType = wrapper.framework; includeInIndex = 0; path = Pods_electrolux_flickr.framework; sourceTree = BUILT_PRODUCTS_DIR; };
		B11CCDF2CD458C7BB0AD4900 /* Pods-electrolux flickr-electrolux flickrUITests.release.xcconfig */ = {isa = PBXFileReference; includeInIndex = 1; lastKnownFileType = text.xcconfig; name = "Pods-electrolux flickr-electrolux flickrUITests.release.xcconfig"; path = "Target Support Files/Pods-electrolux flickr-electrolux flickrUITests/Pods-electrolux flickr-electrolux flickrUITests.release.xcconfig"; sourceTree = "<group>"; };
		B262001B8779BA2BA522FE2F /* Pods-electrolux flickr-electrolux flickrUITests.debug.xcconfig */ = {isa = PBXFileReference; includeInIndex = 1; lastKnownFileType = text.xcconfig; name = "Pods-electrolux flickr-electrolux flickrUITests.debug.xcconfig"; path = "Target Support Files/Pods-electrolux flickr-electrolux flickrUITests/Pods-electrolux flickr-electrolux flickrUITests.debug.xcconfig"; sourceTree = "<group>"; };
		C5A68519080C19BB4365EEE9 /* Pods_electrolux_flickr_electrolux_flickrUITests.framework */ = {isa = PBXFileReference; explicitFileType = wrapper.framework; includeInIndex = 0; path = Pods_electrolux_flickr_electrolux_flickrUITests.framework; sourceTree = BUILT_PRODUCTS_DIR; };
		C68F86D16BC10A6E202749AB /* Pods_electrolux_flickrTests.framework */ = {isa = PBXFileReference; explicitFileType = wrapper.framework; includeInIndex = 0; path = Pods_electrolux_flickrTests.framework; sourceTree = BUILT_PRODUCTS_DIR; };
		D69BC3D6221BD4D48A59213B /* Pods-electrolux flickrTests.debug.xcconfig */ = {isa = PBXFileReference; includeInIndex = 1; lastKnownFileType = text.xcconfig; name = "Pods-electrolux flickrTests.debug.xcconfig"; path = "Target Support Files/Pods-electrolux flickrTests/Pods-electrolux flickrTests.debug.xcconfig"; sourceTree = "<group>"; };
/* End PBXFileReference section */

/* Begin PBXFrameworksBuildPhase section */
		5315C88227FA89EE002B4492 /* Frameworks */ = {
			isa = PBXFrameworksBuildPhase;
			buildActionMask = 2147483647;
			files = (
				E09A1715B8D16D9E45C89A38 /* Pods_electrolux_flickr.framework in Frameworks */,
			);
			runOnlyForDeploymentPostprocessing = 0;
		};
		5315C89827FA89F0002B4492 /* Frameworks */ = {
			isa = PBXFrameworksBuildPhase;
			buildActionMask = 2147483647;
			files = (
				E502F387037A0438D1B41A71 /* Pods_electrolux_flickrTests.framework in Frameworks */,
			);
			runOnlyForDeploymentPostprocessing = 0;
		};
		5315C8A227FA89F0002B4492 /* Frameworks */ = {
			isa = PBXFrameworksBuildPhase;
			buildActionMask = 2147483647;
			files = (
				87837F33F2A793F2E19CDE54 /* Pods_electrolux_flickr_electrolux_flickrUITests.framework in Frameworks */,
			);
			runOnlyForDeploymentPostprocessing = 0;
		};
/* End PBXFrameworksBuildPhase section */

/* Begin PBXGroup section */
		490291EA8A8AD119F9A5322F /* Pods */ = {
			isa = PBXGroup;
			children = (
				4A9E967F91C944238E469AB2 /* Pods-electrolux flickr.debug.xcconfig */,
				206FB2FAC6880AD9328B97D5 /* Pods-electrolux flickr.release.xcconfig */,
				B262001B8779BA2BA522FE2F /* Pods-electrolux flickr-electrolux flickrUITests.debug.xcconfig */,
				B11CCDF2CD458C7BB0AD4900 /* Pods-electrolux flickr-electrolux flickrUITests.release.xcconfig */,
				D69BC3D6221BD4D48A59213B /* Pods-electrolux flickrTests.debug.xcconfig */,
				9B4882C8DE93C8D356B03DFD /* Pods-electrolux flickrTests.release.xcconfig */,
			);
			path = Pods;
			sourceTree = "<group>";
		};
		5315C87C27FA89EE002B4492 = {
			isa = PBXGroup;
			children = (
				5315C88727FA89EE002B4492 /* electrolux flickr */,
				5315C89E27FA89F0002B4492 /* electrolux flickrTests */,
				5315C8A827FA89F0002B4492 /* electrolux flickrUITests */,
				5315C88627FA89EE002B4492 /* Products */,
				490291EA8A8AD119F9A5322F /* Pods */,
				F634440B9A316FE26F0A10F3 /* Frameworks */,
			);
			sourceTree = "<group>";
		};
		5315C88627FA89EE002B4492 /* Products */ = {
			isa = PBXGroup;
			children = (
				5315C88527FA89EE002B4492 /* electrolux flickr.app */,
				5315C89B27FA89F0002B4492 /* electrolux flickrTests.xctest */,
				5315C8A527FA89F0002B4492 /* electrolux flickrUITests.xctest */,
			);
			name = Products;
			sourceTree = "<group>";
		};
		5315C88727FA89EE002B4492 /* electrolux flickr */ = {
			isa = PBXGroup;
			children = (
				5315C88827FA89EE002B4492 /* AppDelegate.swift */,
				5315C88A27FA89EE002B4492 /* SceneDelegate.swift */,
				53EFA53227FA8E710049206C /* Model */,
				535539D827FA963900AE54AC /* Cell */,
				535539D527FA95E500AE54AC /* View Model */,
				535539D027FA952200AE54AC /* Controller */,
				53EFA52427FA8B8A0049206C /* Helper */,
				5315C88E27FA89EE002B4492 /* Main.storyboard */,
				5315C89127FA89F0002B4492 /* Assets.xcassets */,
				5315C89327FA89F0002B4492 /* LaunchScreen.storyboard */,
				5315C89627FA89F0002B4492 /* Info.plist */,
			);
			path = "electrolux flickr";
			sourceTree = "<group>";
		};
		5315C89E27FA89F0002B4492 /* electrolux flickrTests */ = {
			isa = PBXGroup;
			children = (
				5315C89F27FA89F0002B4492 /* electrolux_flickrTests.swift */,
			);
			path = "electrolux flickrTests";
			sourceTree = "<group>";
		};
		5315C8A827FA89F0002B4492 /* electrolux flickrUITests */ = {
			isa = PBXGroup;
			children = (
				5315C8A927FA89F0002B4492 /* electrolux_flickrUITests.swift */,
				5315C8AB27FA89F0002B4492 /* electrolux_flickrUITestsLaunchTests.swift */,
			);
			path = "electrolux flickrUITests";
			sourceTree = "<group>";
		};
		535539D027FA952200AE54AC /* Controller */ = {
			isa = PBXGroup;
			children = (
				535539CC27FA93FE00AE54AC /* EFBaseViewController.swift */,
				535539CE27FA94B800AE54AC /* EFImageListViewController.swift */,
				535539D927FA9D5D00AE54AC /* EFImagePreviewViewController.swift */,
			);
			path = Controller;
			sourceTree = "<group>";
		};
		535539D527FA95E500AE54AC /* View Model */ = {
			isa = PBXGroup;
			children = (
				535539D127FA954500AE54AC /* EFImageListViewModel.swift */,
				535539D327FA95B700AE54AC /* EFImageListDataSource.swift */,
			);
			path = "View Model";
			sourceTree = "<group>";
		};
		535539D827FA963900AE54AC /* Cell */ = {
			isa = PBXGroup;
			children = (
				535539D627FA961C00AE54AC /* EFImageCVC.swift */,
				535539DB27FA9DBD00AE54AC /* EFImagePreviewCVC.swift */,
			);
			path = Cell;
			sourceTree = "<group>";
		};
		53EFA52427FA8B8A0049206C /* Helper */ = {
			isa = PBXGroup;
			children = (
				53EFA52927FA8BBA0049206C /* Future */,
				53EFA51A27FA8B170049206C /* EFApiClient.swift */,
				53EFA51C27FA8B310049206C /* EFApiRouter.swift */,
				53EFA51E27FA8B5A0049206C /* EFColor.swift */,
				53EFA52027FA8B700049206C /* EFConstant.swift */,
				53EFA52227FA8B7E0049206C /* EFUtil.swift */,
			);
			path = Helper;
			sourceTree = "<group>";
		};
		53EFA52927FA8BBA0049206C /* Future */ = {
			isa = PBXGroup;
			children = (
				53EFA52527FA8BAA0049206C /* EFFuture.swift */,
				53EFA52727FA8BB40049206C /* EFResult.swift */,
			);
			path = Future;
			sourceTree = "<group>";
		};
		53EFA53227FA8E710049206C /* Model */ = {
			isa = PBXGroup;
			children = (
				53EFA53327FA8E870049206C /* General Error */,
				53EFA53427FA8E980049206C /* Search Model */,
			);
			path = Model;
			sourceTree = "<group>";
		};
		53EFA53327FA8E870049206C /* General Error */ = {
			isa = PBXGroup;
			children = (
				53EFA52A27FA8DF20049206C /* EFApiError.swift */,
			);
			path = "General Error";
			sourceTree = "<group>";
		};
		53EFA53427FA8E980049206C /* Search Model */ = {
			isa = PBXGroup;
			children = (
				53EFA52E27FA8E0E0049206C /* EFPhoto.swift */,
				53EFA52C27FA8E0E0049206C /* EFPhotos.swift */,
				53EFA53727FA908E0049206C /* EFSearchResponse.swift */,
			);
			path = "Search Model";
			sourceTree = "<group>";
		};
		F634440B9A316FE26F0A10F3 /* Frameworks */ = {
			isa = PBXGroup;
			children = (
				AB779DD2F0FBE02A744EE973 /* Pods_electrolux_flickr.framework */,
				C5A68519080C19BB4365EEE9 /* Pods_electrolux_flickr_electrolux_flickrUITests.framework */,
				C68F86D16BC10A6E202749AB /* Pods_electrolux_flickrTests.framework */,
			);
			name = Frameworks;
			sourceTree = "<group>";
		};
/* End PBXGroup section */

/* Begin PBXNativeTarget section */
		5315C88427FA89EE002B4492 /* electrolux flickr */ = {
			isa = PBXNativeTarget;
			buildConfigurationList = 5315C8AF27FA89F0002B4492 /* Build configuration list for PBXNativeTarget "electrolux flickr" */;
			buildPhases = (
				D2E1ACD82A7538546B7CC979 /* [CP] Check Pods Manifest.lock */,
				5315C88127FA89EE002B4492 /* Sources */,
				5315C88227FA89EE002B4492 /* Frameworks */,
				5315C88327FA89EE002B4492 /* Resources */,
				5B9F8BFD51BDC448352072AB /* [CP] Embed Pods Frameworks */,
			);
			buildRules = (
			);
			dependencies = (
			);
			name = "electrolux flickr";
			productName = "electrolux flickr";
			productReference = 5315C88527FA89EE002B4492 /* electrolux flickr.app */;
			productType = "com.apple.product-type.application";
		};
		5315C89A27FA89F0002B4492 /* electrolux flickrTests */ = {
			isa = PBXNativeTarget;
			buildConfigurationList = 5315C8B227FA89F0002B4492 /* Build configuration list for PBXNativeTarget "electrolux flickrTests" */;
			buildPhases = (
				776EBF47CF31DE5B2776BE22 /* [CP] Check Pods Manifest.lock */,
				5315C89727FA89F0002B4492 /* Sources */,
				5315C89827FA89F0002B4492 /* Frameworks */,
				5315C89927FA89F0002B4492 /* Resources */,
			);
			buildRules = (
			);
			dependencies = (
				5315C89D27FA89F0002B4492 /* PBXTargetDependency */,
			);
			name = "electrolux flickrTests";
			productName = "electrolux flickrTests";
			productReference = 5315C89B27FA89F0002B4492 /* electrolux flickrTests.xctest */;
			productType = "com.apple.product-type.bundle.unit-test";
		};
		5315C8A427FA89F0002B4492 /* electrolux flickrUITests */ = {
			isa = PBXNativeTarget;
			buildConfigurationList = 5315C8B527FA89F0002B4492 /* Build configuration list for PBXNativeTarget "electrolux flickrUITests" */;
			buildPhases = (
				0E8F17896C99A586FCED25F6 /* [CP] Check Pods Manifest.lock */,
				5315C8A127FA89F0002B4492 /* Sources */,
				5315C8A227FA89F0002B4492 /* Frameworks */,
				5315C8A327FA89F0002B4492 /* Resources */,
				00FC991F96731665EAA64648 /* [CP] Embed Pods Frameworks */,
			);
			buildRules = (
			);
			dependencies = (
				5315C8A727FA89F0002B4492 /* PBXTargetDependency */,
			);
			name = "electrolux flickrUITests";
			productName = "electrolux flickrUITests";
			productReference = 5315C8A527FA89F0002B4492 /* electrolux flickrUITests.xctest */;
			productType = "com.apple.product-type.bundle.ui-testing";
		};
/* End PBXNativeTarget section */

/* Begin PBXProject section */
		5315C87D27FA89EE002B4492 /* Project object */ = {
			isa = PBXProject;
			attributes = {
				BuildIndependentTargetsInParallel = 1;
				LastSwiftUpdateCheck = 1300;
				LastUpgradeCheck = 1300;
				TargetAttributes = {
					5315C88427FA89EE002B4492 = {
						CreatedOnToolsVersion = 13.0;
					};
					5315C89A27FA89F0002B4492 = {
						CreatedOnToolsVersion = 13.0;
						TestTargetID = 5315C88427FA89EE002B4492;
					};
					5315C8A427FA89F0002B4492 = {
						CreatedOnToolsVersion = 13.0;
						TestTargetID = 5315C88427FA89EE002B4492;
					};
				};
			};
			buildConfigurationList = 5315C88027FA89EE002B4492 /* Build configuration list for PBXProject "electrolux flickr" */;
			compatibilityVersion = "Xcode 13.0";
			developmentRegion = en;
			hasScannedForEncodings = 0;
			knownRegions = (
				en,
				Base,
			);
			mainGroup = 5315C87C27FA89EE002B4492;
			productRefGroup = 5315C88627FA89EE002B4492 /* Products */;
			projectDirPath = "";
			projectRoot = "";
			targets = (
				5315C88427FA89EE002B4492 /* electrolux flickr */,
				5315C89A27FA89F0002B4492 /* electrolux flickrTests */,
				5315C8A427FA89F0002B4492 /* electrolux flickrUITests */,
			);
		};
/* End PBXProject section */

/* Begin PBXResourcesBuildPhase section */
		5315C88327FA89EE002B4492 /* Resources */ = {
			isa = PBXResourcesBuildPhase;
			buildActionMask = 2147483647;
			files = (
				5315C89527FA89F0002B4492 /* LaunchScreen.storyboard in Resources */,
				5315C89227FA89F0002B4492 /* Assets.xcassets in Resources */,
				5315C89027FA89EE002B4492 /* Main.storyboard in Resources */,
			);
			runOnlyForDeploymentPostprocessing = 0;
		};
		5315C89927FA89F0002B4492 /* Resources */ = {
			isa = PBXResourcesBuildPhase;
			buildActionMask = 2147483647;
			files = (
			);
			runOnlyForDeploymentPostprocessing = 0;
		};
		5315C8A327FA89F0002B4492 /* Resources */ = {
			isa = PBXResourcesBuildPhase;
			buildActionMask = 2147483647;
			files = (
			);
			runOnlyForDeploymentPostprocessing = 0;
		};
/* End PBXResourcesBuildPhase section */

/* Begin PBXShellScriptBuildPhase section */
		00FC991F96731665EAA64648 /* [CP] Embed Pods Frameworks */ = {
			isa = PBXShellScriptBuildPhase;
			buildActionMask = 2147483647;
			files = (
			);
			inputFileListPaths = (
				"${PODS_ROOT}/Target Support Files/Pods-electrolux flickr-electrolux flickrUITests/Pods-electrolux flickr-electrolux flickrUITests-frameworks-${CONFIGURATION}-input-files.xcfilelist",
			);
			name = "[CP] Embed Pods Frameworks";
			outputFileListPaths = (
				"${PODS_ROOT}/Target Support Files/Pods-electrolux flickr-electrolux flickrUITests/Pods-electrolux flickr-electrolux flickrUITests-frameworks-${CONFIGURATION}-output-files.xcfilelist",
			);
			runOnlyForDeploymentPostprocessing = 0;
			shellPath = /bin/sh;
			shellScript = "\"${PODS_ROOT}/Target Support Files/Pods-electrolux flickr-electrolux flickrUITests/Pods-electrolux flickr-electrolux flickrUITests-frameworks.sh\"\n";
			showEnvVarsInLog = 0;
		};
		0E8F17896C99A586FCED25F6 /* [CP] Check Pods Manifest.lock */ = {
			isa = PBXShellScriptBuildPhase;
			buildActionMask = 2147483647;
			files = (
			);
			inputFileListPaths = (
			);
			inputPaths = (
				"${PODS_PODFILE_DIR_PATH}/Podfile.lock",
				"${PODS_ROOT}/Manifest.lock",
			);
			name = "[CP] Check Pods Manifest.lock";
			outputFileListPaths = (
			);
			outputPaths = (
				"$(DERIVED_FILE_DIR)/Pods-electrolux flickr-electrolux flickrUITests-checkManifestLockResult.txt",
			);
			runOnlyForDeploymentPostprocessing = 0;
			shellPath = /bin/sh;
			shellScript = "diff \"${PODS_PODFILE_DIR_PATH}/Podfile.lock\" \"${PODS_ROOT}/Manifest.lock\" > /dev/null\nif [ $? != 0 ] ; then\n    # print error to STDERR\n    echo \"error: The sandbox is not in sync with the Podfile.lock. Run 'pod install' or update your CocoaPods installation.\" >&2\n    exit 1\nfi\n# This output is used by Xcode 'outputs' to avoid re-running this script phase.\necho \"SUCCESS\" > \"${SCRIPT_OUTPUT_FILE_0}\"\n";
			showEnvVarsInLog = 0;
		};
		5B9F8BFD51BDC448352072AB /* [CP] Embed Pods Frameworks */ = {
			isa = PBXShellScriptBuildPhase;
			buildActionMask = 2147483647;
			files = (
			);
			inputFileListPaths = (
				"${PODS_ROOT}/Target Support Files/Pods-electrolux flickr/Pods-electrolux flickr-frameworks-${CONFIGURATION}-input-files.xcfilelist",
			);
			name = "[CP] Embed Pods Frameworks";
			outputFileListPaths = (
				"${PODS_ROOT}/Target Support Files/Pods-electrolux flickr/Pods-electrolux flickr-frameworks-${CONFIGURATION}-output-files.xcfilelist",
			);
			runOnlyForDeploymentPostprocessing = 0;
			shellPath = /bin/sh;
			shellScript = "\"${PODS_ROOT}/Target Support Files/Pods-electrolux flickr/Pods-electrolux flickr-frameworks.sh\"\n";
			showEnvVarsInLog = 0;
		};
		776EBF47CF31DE5B2776BE22 /* [CP] Check Pods Manifest.lock */ = {
			isa = PBXShellScriptBuildPhase;
			buildActionMask = 2147483647;
			files = (
			);
			inputFileListPaths = (
			);
			inputPaths = (
				"${PODS_PODFILE_DIR_PATH}/Podfile.lock",
				"${PODS_ROOT}/Manifest.lock",
			);
			name = "[CP] Check Pods Manifest.lock";
			outputFileListPaths = (
			);
			outputPaths = (
				"$(DERIVED_FILE_DIR)/Pods-electrolux flickrTests-checkManifestLockResult.txt",
			);
			runOnlyForDeploymentPostprocessing = 0;
			shellPath = /bin/sh;
			shellScript = "diff \"${PODS_PODFILE_DIR_PATH}/Podfile.lock\" \"${PODS_ROOT}/Manifest.lock\" > /dev/null\nif [ $? != 0 ] ; then\n    # print error to STDERR\n    echo \"error: The sandbox is not in sync with the Podfile.lock. Run 'pod install' or update your CocoaPods installation.\" >&2\n    exit 1\nfi\n# This output is used by Xcode 'outputs' to avoid re-running this script phase.\necho \"SUCCESS\" > \"${SCRIPT_OUTPUT_FILE_0}\"\n";
			showEnvVarsInLog = 0;
		};
		D2E1ACD82A7538546B7CC979 /* [CP] Check Pods Manifest.lock */ = {
			isa = PBXShellScriptBuildPhase;
			buildActionMask = 2147483647;
			files = (
			);
			inputFileListPaths = (
			);
			inputPaths = (
				"${PODS_PODFILE_DIR_PATH}/Podfile.lock",
				"${PODS_ROOT}/Manifest.lock",
			);
			name = "[CP] Check Pods Manifest.lock";
			outputFileListPaths = (
			);
			outputPaths = (
				"$(DERIVED_FILE_DIR)/Pods-electrolux flickr-checkManifestLockResult.txt",
			);
			runOnlyForDeploymentPostprocessing = 0;
			shellPath = /bin/sh;
			shellScript = "diff \"${PODS_PODFILE_DIR_PATH}/Podfile.lock\" \"${PODS_ROOT}/Manifest.lock\" > /dev/null\nif [ $? != 0 ] ; then\n    # print error to STDERR\n    echo \"error: The sandbox is not in sync with the Podfile.lock. Run 'pod install' or update your CocoaPods installation.\" >&2\n    exit 1\nfi\n# This output is used by Xcode 'outputs' to avoid re-running this script phase.\necho \"SUCCESS\" > \"${SCRIPT_OUTPUT_FILE_0}\"\n";
			showEnvVarsInLog = 0;
		};
/* End PBXShellScriptBuildPhase section */

/* Begin PBXSourcesBuildPhase section */
		5315C88127FA89EE002B4492 /* Sources */ = {
			isa = PBXSourcesBuildPhase;
			buildActionMask = 2147483647;
			files = (
				53EFA52327FA8B7E0049206C /* EFUtil.swift in Sources */,
				53EFA53827FA908E0049206C /* EFSearchResponse.swift in Sources */,
				535539D727FA961C00AE54AC /* EFImageCVC.swift in Sources */,
				53EFA51B27FA8B170049206C /* EFApiClient.swift in Sources */,
				535539D427FA95B700AE54AC /* EFImageListDataSource.swift in Sources */,
				535539CF27FA94B800AE54AC /* EFImageListViewController.swift in Sources */,
				53EFA51D27FA8B310049206C /* EFApiRouter.swift in Sources */,
				53EFA53127FA8E0E0049206C /* EFPhoto.swift in Sources */,
				535539DC27FA9DBD00AE54AC /* EFImagePreviewCVC.swift in Sources */,
				53EFA52F27FA8E0E0049206C /* EFPhotos.swift in Sources */,
				53EFA52827FA8BB40049206C /* EFResult.swift in Sources */,
				5315C88927FA89EE002B4492 /* AppDelegate.swift in Sources */,
				53EFA52127FA8B700049206C /* EFConstant.swift in Sources */,
				535539D227FA954500AE54AC /* EFImageListViewModel.swift in Sources */,
				53EFA52B27FA8DF20049206C /* EFApiError.swift in Sources */,
				53EFA51F27FA8B5A0049206C /* EFColor.swift in Sources */,
				535539DA27FA9D5D00AE54AC /* EFImagePreviewViewController.swift in Sources */,
				53EFA52627FA8BAA0049206C /* EFFuture.swift in Sources */,
				535539CD27FA93FE00AE54AC /* EFBaseViewController.swift in Sources */,
				5315C88B27FA89EE002B4492 /* SceneDelegate.swift in Sources */,
			);
			runOnlyForDeploymentPostprocessing = 0;
		};
		5315C89727FA89F0002B4492 /* Sources */ = {
			isa = PBXSourcesBuildPhase;
			buildActionMask = 2147483647;
			files = (
				5315C8A027FA89F0002B4492 /* electrolux_flickrTests.swift in Sources */,
			);
			runOnlyForDeploymentPostprocessing = 0;
		};
		5315C8A127FA89F0002B4492 /* Sources */ = {
			isa = PBXSourcesBuildPhase;
			buildActionMask = 2147483647;
			files = (
				5315C8AC27FA89F0002B4492 /* electrolux_flickrUITestsLaunchTests.swift in Sources */,
				5315C8AA27FA89F0002B4492 /* electrolux_flickrUITests.swift in Sources */,
			);
			runOnlyForDeploymentPostprocessing = 0;
		};
/* End PBXSourcesBuildPhase section */

/* Begin PBXTargetDependency section */
		5315C89D27FA89F0002B4492 /* PBXTargetDependency */ = {
			isa = PBXTargetDependency;
			target = 5315C88427FA89EE002B4492 /* electrolux flickr */;
			targetProxy = 5315C89C27FA89F0002B4492 /* PBXContainerItemProxy */;
		};
		5315C8A727FA89F0002B4492 /* PBXTargetDependency */ = {
			isa = PBXTargetDependency;
			target = 5315C88427FA89EE002B4492 /* electrolux flickr */;
			targetProxy = 5315C8A627FA89F0002B4492 /* PBXContainerItemProxy */;
		};
/* End PBXTargetDependency section */

/* Begin PBXVariantGroup section */
		5315C88E27FA89EE002B4492 /* Main.storyboard */ = {
			isa = PBXVariantGroup;
			children = (
				5315C88F27FA89EE002B4492 /* Base */,
			);
			name = Main.storyboard;
			sourceTree = "<group>";
		};
		5315C89327FA89F0002B4492 /* LaunchScreen.storyboard */ = {
			isa = PBXVariantGroup;
			children = (
				5315C89427FA89F0002B4492 /* Base */,
			);
			name = LaunchScreen.storyboard;
			sourceTree = "<group>";
		};
/* End PBXVariantGroup section */

/* Begin XCBuildConfiguration section */
		5315C8AD27FA89F0002B4492 /* Debug */ = {
			isa = XCBuildConfiguration;
			buildSettings = {
				ALWAYS_SEARCH_USER_PATHS = NO;
				CLANG_ANALYZER_NONNULL = YES;
				CLANG_ANALYZER_NUMBER_OBJECT_CONVERSION = YES_AGGRESSIVE;
				CLANG_CXX_LANGUAGE_STANDARD = "gnu++17";
				CLANG_CXX_LIBRARY = "libc++";
				CLANG_ENABLE_MODULES = YES;
				CLANG_ENABLE_OBJC_ARC = YES;
				CLANG_ENABLE_OBJC_WEAK = YES;
				CLANG_WARN_BLOCK_CAPTURE_AUTORELEASING = YES;
				CLANG_WARN_BOOL_CONVERSION = YES;
				CLANG_WARN_COMMA = YES;
				CLANG_WARN_CONSTANT_CONVERSION = YES;
				CLANG_WARN_DEPRECATED_OBJC_IMPLEMENTATIONS = YES;
				CLANG_WARN_DIRECT_OBJC_ISA_USAGE = YES_ERROR;
				CLANG_WARN_DOCUMENTATION_COMMENTS = YES;
				CLANG_WARN_EMPTY_BODY = YES;
				CLANG_WARN_ENUM_CONVERSION = YES;
				CLANG_WARN_INFINITE_RECURSION = YES;
				CLANG_WARN_INT_CONVERSION = YES;
				CLANG_WARN_NON_LITERAL_NULL_CONVERSION = YES;
				CLANG_WARN_OBJC_IMPLICIT_RETAIN_SELF = YES;
				CLANG_WARN_OBJC_LITERAL_CONVERSION = YES;
				CLANG_WARN_OBJC_ROOT_CLASS = YES_ERROR;
				CLANG_WARN_QUOTED_INCLUDE_IN_FRAMEWORK_HEADER = YES;
				CLANG_WARN_RANGE_LOOP_ANALYSIS = YES;
				CLANG_WARN_STRICT_PROTOTYPES = YES;
				CLANG_WARN_SUSPICIOUS_MOVE = YES;
				CLANG_WARN_UNGUARDED_AVAILABILITY = YES_AGGRESSIVE;
				CLANG_WARN_UNREACHABLE_CODE = YES;
				CLANG_WARN__DUPLICATE_METHOD_MATCH = YES;
				COPY_PHASE_STRIP = NO;
				DEBUG_INFORMATION_FORMAT = dwarf;
				ENABLE_STRICT_OBJC_MSGSEND = YES;
				ENABLE_TESTABILITY = YES;
				GCC_C_LANGUAGE_STANDARD = gnu11;
				GCC_DYNAMIC_NO_PIC = NO;
				GCC_NO_COMMON_BLOCKS = YES;
				GCC_OPTIMIZATION_LEVEL = 0;
				GCC_PREPROCESSOR_DEFINITIONS = (
					"DEBUG=1",
					"$(inherited)",
				);
				GCC_WARN_64_TO_32_BIT_CONVERSION = YES;
				GCC_WARN_ABOUT_RETURN_TYPE = YES_ERROR;
				GCC_WARN_UNDECLARED_SELECTOR = YES;
				GCC_WARN_UNINITIALIZED_AUTOS = YES_AGGRESSIVE;
				GCC_WARN_UNUSED_FUNCTION = YES;
				GCC_WARN_UNUSED_VARIABLE = YES;
				IPHONEOS_DEPLOYMENT_TARGET = 15.0;
				MTL_ENABLE_DEBUG_INFO = INCLUDE_SOURCE;
				MTL_FAST_MATH = YES;
				ONLY_ACTIVE_ARCH = YES;
				SDKROOT = iphoneos;
				SWIFT_ACTIVE_COMPILATION_CONDITIONS = DEBUG;
				SWIFT_OPTIMIZATION_LEVEL = "-Onone";
			};
			name = Debug;
		};
		5315C8AE27FA89F0002B4492 /* Release */ = {
			isa = XCBuildConfiguration;
			buildSettings = {
				ALWAYS_SEARCH_USER_PATHS = NO;
				CLANG_ANALYZER_NONNULL = YES;
				CLANG_ANALYZER_NUMBER_OBJECT_CONVERSION = YES_AGGRESSIVE;
				CLANG_CXX_LANGUAGE_STANDARD = "gnu++17";
				CLANG_CXX_LIBRARY = "libc++";
				CLANG_ENABLE_MODULES = YES;
				CLANG_ENABLE_OBJC_ARC = YES;
				CLANG_ENABLE_OBJC_WEAK = YES;
				CLANG_WARN_BLOCK_CAPTURE_AUTORELEASING = YES;
				CLANG_WARN_BOOL_CONVERSION = YES;
				CLANG_WARN_COMMA = YES;
				CLANG_WARN_CONSTANT_CONVERSION = YES;
				CLANG_WARN_DEPRECATED_OBJC_IMPLEMENTATIONS = YES;
				CLANG_WARN_DIRECT_OBJC_ISA_USAGE = YES_ERROR;
				CLANG_WARN_DOCUMENTATION_COMMENTS = YES;
				CLANG_WARN_EMPTY_BODY = YES;
				CLANG_WARN_ENUM_CONVERSION = YES;
				CLANG_WARN_INFINITE_RECURSION = YES;
				CLANG_WARN_INT_CONVERSION = YES;
				CLANG_WARN_NON_LITERAL_NULL_CONVERSION = YES;
				CLANG_WARN_OBJC_IMPLICIT_RETAIN_SELF = YES;
				CLANG_WARN_OBJC_LITERAL_CONVERSION = YES;
				CLANG_WARN_OBJC_ROOT_CLASS = YES_ERROR;
				CLANG_WARN_QUOTED_INCLUDE_IN_FRAMEWORK_HEADER = YES;
				CLANG_WARN_RANGE_LOOP_ANALYSIS = YES;
				CLANG_WARN_STRICT_PROTOTYPES = YES;
				CLANG_WARN_SUSPICIOUS_MOVE = YES;
				CLANG_WARN_UNGUARDED_AVAILABILITY = YES_AGGRESSIVE;
				CLANG_WARN_UNREACHABLE_CODE = YES;
				CLANG_WARN__DUPLICATE_METHOD_MATCH = YES;
				COPY_PHASE_STRIP = NO;
				DEBUG_INFORMATION_FORMAT = "dwarf-with-dsym";
				ENABLE_NS_ASSERTIONS = NO;
				ENABLE_STRICT_OBJC_MSGSEND = YES;
				GCC_C_LANGUAGE_STANDARD = gnu11;
				GCC_NO_COMMON_BLOCKS = YES;
				GCC_WARN_64_TO_32_BIT_CONVERSION = YES;
				GCC_WARN_ABOUT_RETURN_TYPE = YES_ERROR;
				GCC_WARN_UNDECLARED_SELECTOR = YES;
				GCC_WARN_UNINITIALIZED_AUTOS = YES_AGGRESSIVE;
				GCC_WARN_UNUSED_FUNCTION = YES;
				GCC_WARN_UNUSED_VARIABLE = YES;
				IPHONEOS_DEPLOYMENT_TARGET = 15.0;
				MTL_ENABLE_DEBUG_INFO = NO;
				MTL_FAST_MATH = YES;
				SDKROOT = iphoneos;
				SWIFT_COMPILATION_MODE = wholemodule;
				SWIFT_OPTIMIZATION_LEVEL = "-O";
				VALIDATE_PRODUCT = YES;
			};
			name = Release;
		};
		5315C8B027FA89F0002B4492 /* Debug */ = {
			isa = XCBuildConfiguration;
			baseConfigurationReference = 4A9E967F91C944238E469AB2 /* Pods-electrolux flickr.debug.xcconfig */;
			buildSettings = {
				ASSETCATALOG_COMPILER_APPICON_NAME = AppIcon;
				ASSETCATALOG_COMPILER_GLOBAL_ACCENT_COLOR_NAME = AccentColor;
				CODE_SIGN_STYLE = Automatic;
				CURRENT_PROJECT_VERSION = 1;
				DEVELOPMENT_TEAM = AQPW44FP3W;
				GENERATE_INFOPLIST_FILE = YES;
				INFOPLIST_FILE = "electrolux flickr/Info.plist";
				INFOPLIST_KEY_UIApplicationSupportsIndirectInputEvents = YES;
				INFOPLIST_KEY_UILaunchStoryboardName = LaunchScreen;
				INFOPLIST_KEY_UIMainStoryboardFile = Main;
				INFOPLIST_KEY_UISupportedInterfaceOrientations_iPad = "UIInterfaceOrientationPortrait UIInterfaceOrientationPortraitUpsideDown UIInterfaceOrientationLandscapeLeft UIInterfaceOrientationLandscapeRight";
				INFOPLIST_KEY_UISupportedInterfaceOrientations_iPhone = "UIInterfaceOrientationPortrait UIInterfaceOrientationLandscapeLeft UIInterfaceOrientationLandscapeRight";
				IPHONEOS_DEPLOYMENT_TARGET = 13.0;
				LD_RUNPATH_SEARCH_PATHS = (
					"$(inherited)",
					"@executable_path/Frameworks",
				);
				MARKETING_VERSION = 1.0;
				PRODUCT_BUNDLE_IDENTIFIER = "com.sk.electrolux-flickr";
				PRODUCT_NAME = "$(TARGET_NAME)";
				SWIFT_EMIT_LOC_STRINGS = YES;
				SWIFT_VERSION = 5.0;
				TARGETED_DEVICE_FAMILY = "1,2";
			};
			name = Debug;
		};
		5315C8B127FA89F0002B4492 /* Release */ = {
			isa = XCBuildConfiguration;
			baseConfigurationReference = 206FB2FAC6880AD9328B97D5 /* Pods-electrolux flickr.release.xcconfig */;
			buildSettings = {
				ASSETCATALOG_COMPILER_APPICON_NAME = AppIcon;
				ASSETCATALOG_COMPILER_GLOBAL_ACCENT_COLOR_NAME = AccentColor;
				CODE_SIGN_STYLE = Automatic;
				CURRENT_PROJECT_VERSION = 1;
				DEVELOPMENT_TEAM = AQPW44FP3W;
				GENERATE_INFOPLIST_FILE = YES;
				INFOPLIST_FILE = "electrolux flickr/Info.plist";
				INFOPLIST_KEY_UIApplicationSupportsIndirectInputEvents = YES;
				INFOPLIST_KEY_UILaunchStoryboardName = LaunchScreen;
				INFOPLIST_KEY_UIMainStoryboardFile = Main;
				INFOPLIST_KEY_UISupportedInterfaceOrientations_iPad = "UIInterfaceOrientationPortrait UIInterfaceOrientationPortraitUpsideDown UIInterfaceOrientationLandscapeLeft UIInterfaceOrientationLandscapeRight";
				INFOPLIST_KEY_UISupportedInterfaceOrientations_iPhone = "UIInterfaceOrientationPortrait UIInterfaceOrientationLandscapeLeft UIInterfaceOrientationLandscapeRight";
				IPHONEOS_DEPLOYMENT_TARGET = 13.0;
				LD_RUNPATH_SEARCH_PATHS = (
					"$(inherited)",
					"@executable_path/Frameworks",
				);
				MARKETING_VERSION = 1.0;
				PRODUCT_BUNDLE_IDENTIFIER = "com.sk.electrolux-flickr";
				PRODUCT_NAME = "$(TARGET_NAME)";
				SWIFT_EMIT_LOC_STRINGS = YES;
				SWIFT_VERSION = 5.0;
				TARGETED_DEVICE_FAMILY = "1,2";
			};
			name = Release;
		};
		5315C8B327FA89F0002B4492 /* Debug */ = {
			isa = XCBuildConfiguration;
			baseConfigurationReference = D69BC3D6221BD4D48A59213B /* Pods-electrolux flickrTests.debug.xcconfig */;
			buildSettings = {
				ALWAYS_EMBED_SWIFT_STANDARD_LIBRARIES = YES;
				BUNDLE_LOADER = "$(TEST_HOST)";
				CODE_SIGN_STYLE = Automatic;
				CURRENT_PROJECT_VERSION = 1;
				DEVELOPMENT_TEAM = AQPW44FP3W;
				GENERATE_INFOPLIST_FILE = YES;
				IPHONEOS_DEPLOYMENT_TARGET = 15.0;
				LD_RUNPATH_SEARCH_PATHS = (
					"$(inherited)",
					"@executable_path/Frameworks",
					"@loader_path/Frameworks",
				);
				MARKETING_VERSION = 1.0;
				PRODUCT_BUNDLE_IDENTIFIER = "com.sk.electrolux-flickrTests";
				PRODUCT_NAME = "$(TARGET_NAME)";
				SWIFT_EMIT_LOC_STRINGS = NO;
				SWIFT_VERSION = 5.0;
				TARGETED_DEVICE_FAMILY = "1,2";
				TEST_HOST = "$(BUILT_PRODUCTS_DIR)/electrolux flickr.app/electrolux flickr";
			};
			name = Debug;
		};
		5315C8B427FA89F0002B4492 /* Release */ = {
			isa = XCBuildConfiguration;
			baseConfigurationReference = 9B4882C8DE93C8D356B03DFD /* Pods-electrolux flickrTests.release.xcconfig */;
			buildSettings = {
				ALWAYS_EMBED_SWIFT_STANDARD_LIBRARIES = YES;
				BUNDLE_LOADER = "$(TEST_HOST)";
				CODE_SIGN_STYLE = Automatic;
				CURRENT_PROJECT_VERSION = 1;
				DEVELOPMENT_TEAM = AQPW44FP3W;
				GENERATE_INFOPLIST_FILE = YES;
				IPHONEOS_DEPLOYMENT_TARGET = 15.0;
				LD_RUNPATH_SEARCH_PATHS = (
					"$(inherited)",
					"@executable_path/Frameworks",
					"@loader_path/Frameworks",
				);
				MARKETING_VERSION = 1.0;
				PRODUCT_BUNDLE_IDENTIFIER = "com.sk.electrolux-flickrTests";
				PRODUCT_NAME = "$(TARGET_NAME)";
				SWIFT_EMIT_LOC_STRINGS = NO;
				SWIFT_VERSION = 5.0;
				TARGETED_DEVICE_FAMILY = "1,2";
				TEST_HOST = "$(BUILT_PRODUCTS_DIR)/electrolux flickr.app/electrolux flickr";
			};
			name = Release;
		};
		5315C8B627FA89F0002B4492 /* Debug */ = {
			isa = XCBuildConfiguration;
			baseConfigurationReference = B262001B8779BA2BA522FE2F /* Pods-electrolux flickr-electrolux flickrUITests.debug.xcconfig */;
			buildSettings = {
				ALWAYS_EMBED_SWIFT_STANDARD_LIBRARIES = YES;
				CODE_SIGN_STYLE = Automatic;
				CURRENT_PROJECT_VERSION = 1;
				DEVELOPMENT_TEAM = AQPW44FP3W;
				GENERATE_INFOPLIST_FILE = YES;
				LD_RUNPATH_SEARCH_PATHS = (
					"$(inherited)",
					"@executable_path/Frameworks",
					"@loader_path/Frameworks",
				);
				MARKETING_VERSION = 1.0;
				PRODUCT_BUNDLE_IDENTIFIER = "com.sk.electrolux-flickrUITests";
				PRODUCT_NAME = "$(TARGET_NAME)";
				SWIFT_EMIT_LOC_STRINGS = NO;
				SWIFT_VERSION = 5.0;
				TARGETED_DEVICE_FAMILY = "1,2";
				TEST_TARGET_NAME = "electrolux flickr";
			};
			name = Debug;
		};
		5315C8B727FA89F0002B4492 /* Release */ = {
			isa = XCBuildConfiguration;
			baseConfigurationReference = B11CCDF2CD458C7BB0AD4900 /* Pods-electrolux flickr-electrolux flickrUITests.release.xcconfig */;
			buildSettings = {
				ALWAYS_EMBED_SWIFT_STANDARD_LIBRARIES = YES;
				CODE_SIGN_STYLE = Automatic;
				CURRENT_PROJECT_VERSION = 1;
				DEVELOPMENT_TEAM = AQPW44FP3W;
				GENERATE_INFOPLIST_FILE = YES;
				LD_RUNPATH_SEARCH_PATHS = (
					"$(inherited)",
					"@executable_path/Frameworks",
					"@loader_path/Frameworks",
				);
				MARKETING_VERSION = 1.0;
				PRODUCT_BUNDLE_IDENTIFIER = "com.sk.electrolux-flickrUITests";
				PRODUCT_NAME = "$(TARGET_NAME)";
				SWIFT_EMIT_LOC_STRINGS = NO;
				SWIFT_VERSION = 5.0;
				TARGETED_DEVICE_FAMILY = "1,2";
				TEST_TARGET_NAME = "electrolux flickr";
			};
			name = Release;
		};
/* End XCBuildConfiguration section */

/* Begin XCConfigurationList section */
		5315C88027FA89EE002B4492 /* Build configuration list for PBXProject "electrolux flickr" */ = {
			isa = XCConfigurationList;
			buildConfigurations = (
				5315C8AD27FA89F0002B4492 /* Debug */,
				5315C8AE27FA89F0002B4492 /* Release */,
			);
			defaultConfigurationIsVisible = 0;
			defaultConfigurationName = Release;
		};
		5315C8AF27FA89F0002B4492 /* Build configuration list for PBXNativeTarget "electrolux flickr" */ = {
			isa = XCConfigurationList;
			buildConfigurations = (
				5315C8B027FA89F0002B4492 /* Debug */,
				5315C8B127FA89F0002B4492 /* Release */,
			);
			defaultConfigurationIsVisible = 0;
			defaultConfigurationName = Release;
		};
		5315C8B227FA89F0002B4492 /* Build configuration list for PBXNativeTarget "electrolux flickrTests" */ = {
			isa = XCConfigurationList;
			buildConfigurations = (
				5315C8B327FA89F0002B4492 /* Debug */,
				5315C8B427FA89F0002B4492 /* Release */,
			);
			defaultConfigurationIsVisible = 0;
			defaultConfigurationName = Release;
		};
		5315C8B527FA89F0002B4492 /* Build configuration list for PBXNativeTarget "electrolux flickrUITests" */ = {
			isa = XCConfigurationList;
			buildConfigurations = (
				5315C8B627FA89F0002B4492 /* Debug */,
				5315C8B727FA89F0002B4492 /* Release */,
			);
			defaultConfigurationIsVisible = 0;
			defaultConfigurationName = Release;
		};
/* End XCConfigurationList section */
	};
	rootObject = 5315C87D27FA89EE002B4492 /* Project object */;
}
